{
  "name": "@etherisc/gif-contracts",
  "version": "2.0.0-rc.1",
  "lockfileVersion": 2,
  "requires": true,
  "packages": {
    "": {
      "name": "@etherisc/gif-contracts",
      "version": "2.0.0-rc.1",
      "license": "Apache-2.0",
      "dependencies": {
        "@chainlink/contracts": "0.4.1",
        "@etherisc_com/gif-interface": "^2.0.0-cc9746c",
        "@openzeppelin/contracts": "4.7.3"
      }
    },
    "node_modules/@chainlink/contracts": {
      "version": "0.4.1",
      "resolved": "https://registry.npmjs.org/@chainlink/contracts/-/contracts-0.4.1.tgz",
      "integrity": "sha512-eC8biY6Ks8k9kZKVt5305veCP3z57yyiy6Os5aR6auta6Bp34xWQ/s4qvrifcW4FNgWw1HJPwMPXDGfiehcLjg=="
    },
    "node_modules/@etherisc_com/gif-interface": {
      "version": "2.0.0-cc9746c",
      "resolved": "https://registry.npmjs.org/@etherisc_com/gif-interface/-/gif-interface-2.0.0-cc9746c.tgz",
      "integrity": "sha512-K62yXzshkLYmBELk5V69O9W8lyhNjvgjUpK0ftc87Nzjwt3+PCRod21GesHRn6++lMkg2loxntW2rdVdNLnnDw==",
      "dependencies": {
        "@openzeppelin/contracts": "4.7.3"
      }
    },
    "node_modules/@openzeppelin/contracts": {
      "version": "4.7.3",
      "resolved": "https://registry.npmjs.org/@openzeppelin/contracts/-/contracts-4.7.3.tgz",
      "integrity": "sha512-dGRS0agJzu8ybo44pCIf3xBaPQN/65AIXNgK8+4gzKd5kbvlqyxryUYVLJv7fK98Seyd2hDZzVEHSWAh0Bt1Yw=="
    }
  },
  "dependencies": {
    "@chainlink/contracts": {
      "version": "0.4.1",
      "resolved": "https://registry.npmjs.org/@chainlink/contracts/-/contracts-0.4.1.tgz",
      "integrity": "sha512-eC8biY6Ks8k9kZKVt5305veCP3z57yyiy6Os5aR6auta6Bp34xWQ/s4qvrifcW4FNgWw1HJPwMPXDGfiehcLjg=="
    },
    "@etherisc_com/gif-interface": {
      "version": "2.0.0-cc9746c",
      "resolved": "https://registry.npmjs.org/@etherisc_com/gif-interface/-/gif-interface-2.0.0-cc9746c.tgz",
      "integrity": "sha512-K62yXzshkLYmBELk5V69O9W8lyhNjvgjUpK0ftc87Nzjwt3+PCRod21GesHRn6++lMkg2loxntW2rdVdNLnnDw==",
      "requires": {
        "@openzeppelin/contracts": "4.7.3"
      }
    },
    "@openzeppelin/contracts": {
      "version": "4.7.3",
      "resolved": "https://registry.npmjs.org/@openzeppelin/contracts/-/contracts-4.7.3.tgz",
      "integrity": "sha512-dGRS0agJzu8ybo44pCIf3xBaPQN/65AIXNgK8+4gzKd5kbvlqyxryUYVLJv7fK98Seyd2hDZzVEHSWAh0Bt1Yw=="
    }
  }
}
